
Microsoft Visual Studio Solution File, Format Version 12.00
# Visual Studio 15
VisualStudioVersion = 15.0.26730.16
MinimumVisualStudioVersion = 10.0.40219.1
Project("{FAE04EC0-301F-11D3-BF4B-00C04F79EFBC}") = "Multuplication Table", "Multuplication Table\Multuplication Table.csproj", "{579F933A-D8F2-489D-99A7-BDD190F5585A}"
EndProject
Global
	GlobalSection(SolutionConfigurationPlatforms) = preSolution
		Debug|Any CPU = Debug|Any CPU
		Release|Any CPU = Release|Any CPU
	EndGlobalSection
	GlobalSection(ProjectConfigurationPlatforms) = postSolution
		{579F933A-D8F2-489D-99A7-BDD190F5585A}.Debug|Any CPU.ActiveCfg = Debug|Any CPU
		{579F933A-D8F2-489D-99A7-BDD190F5585A}.Debug|Any CPU.Build.0 = Debug|Any CPU
		{579F933A-D8F2-489D-99A7-BDD190F5585A}.Release|Any CPU.ActiveCfg = Release|Any CPU
		{579F933A-D8F2-489D-99A7-BDD190F5585A}.Release|Any CPU.Build.0 = Release|Any CPU
	EndGlobalSection
	GlobalSection(SolutionProperties) = preSolution
		HideSolutionNode = FALSE
	EndGlobalSection
	GlobalSection(ExtensibilityGlobals) = postSolution
		SolutionGuid = {FCD4AB73-BEBA-4990-8A44-DCB2664ECA89}
	EndGlobalSection
EndGlobal
